
Microsoft Visual Studio Solution File, Format Version 12.00
# Visual Studio Version 17
VisualStudioVersion = 17.11.35327.3
MinimumVisualStudioVersion = 10.0.40219.1
Project("{FAE04EC0-301F-11D3-BF4B-00C04F79EFBC}") = "SA_W4", "SA_W4.csproj", "{C2BEE7AB-25DC-4036-9AC4-FAEB5D234574}"
EndProject
Global
	GlobalSection(SolutionConfigurationPlatforms) = preSolution
		Debug|Any CPU = Debug|Any CPU
		Release|Any CPU = Release|Any CPU
	EndGlobalSection
	GlobalSection(ProjectConfigurationPlatforms) = postSolution
		{C2BEE7AB-25DC-4036-9AC4-FAEB5D234574}.Debug|Any CPU.ActiveCfg = Debug|Any CPU
		{C2BEE7AB-25DC-4036-9AC4-FAEB5D234574}.Debug|Any CPU.Build.0 = Debug|Any CPU
		{C2BEE7AB-25DC-4036-9AC4-FAEB5D234574}.Release|Any CPU.ActiveCfg = Release|Any CPU
		{C2BEE7AB-25DC-4036-9AC4-FAEB5D234574}.Release|Any CPU.Build.0 = Release|Any CPU
	EndGlobalSection
	GlobalSection(SolutionProperties) = preSolution
		HideSolutionNode = FALSE
	EndGlobalSection
	GlobalSection(ExtensibilityGlobals) = postSolution
		SolutionGuid = {139AB4FE-9710-45FC-86A4-D5131EAEAFA1}
	EndGlobalSection
EndGlobal
